
Microsoft Visual Studio Solution File, Format Version 12.00
# Visual Studio Version 16
VisualStudioVersion = 16.0.32413.511
MinimumVisualStudioVersion = 10.0.40219.1
Project("{FAE04EC0-301F-11D3-BF4B-00C04F79EFBC}") = "RzNovel", "RzNovel\RzNovel.csproj", "{6A1C2A6E-4AE4-4E29-B72A-B6B0D845285E}"
EndProject
Global
	GlobalSection(SolutionConfigurationPlatforms) = preSolution
		Debug|Any CPU = Debug|Any CPU
		Release|Any CPU = Release|Any CPU
	EndGlobalSection
	GlobalSection(ProjectConfigurationPlatforms) = postSolution
		{6A1C2A6E-4AE4-4E29-B72A-B6B0D845285E}.Debug|Any CPU.ActiveCfg = Debug|Any CPU
		{6A1C2A6E-4AE4-4E29-B72A-B6B0D845285E}.Debug|Any CPU.Build.0 = Debug|Any CPU
		{6A1C2A6E-4AE4-4E29-B72A-B6B0D845285E}.Release|Any CPU.ActiveCfg = Release|Any CPU
		{6A1C2A6E-4AE4-4E29-B72A-B6B0D845285E}.Release|Any CPU.Build.0 = Release|Any CPU
	EndGlobalSection
	GlobalSection(SolutionProperties) = preSolution
		HideSolutionNode = FALSE
	EndGlobalSection
	GlobalSection(ExtensibilityGlobals) = postSolution
		SolutionGuid = {742A6AB8-F4AF-4A00-A293-0368EE32037B}
	EndGlobalSection
EndGlobal
